
Microsoft Visual Studio Solution File, Format Version 12.00
# Visual Studio Version 16
VisualStudioVersion = 16.0.29920.165
MinimumVisualStudioVersion = 10.0.40219.1
Project("{9A19103F-16F7-4668-BE54-9A1E7A4F7556}") = "Ninu", "Ninu\Ninu.csproj", "{E8C997CF-4F81-4681-85F0-4A684C9DC2A3}"
EndProject
Project("{9A19103F-16F7-4668-BE54-9A1E7A4F7556}") = "Ninu.Emulator", "Ninu.Emulator\Ninu.Emulator.csproj", "{2DF42472-EAEB-4408-AA7F-97A76E471DB7}"
EndProject
Project("{9A19103F-16F7-4668-BE54-9A1E7A4F7556}") = "Ninu.InstructionParser", "Ninu.InstructionParser\Ninu.InstructionParser.csproj", "{4DC437A0-B78A-4101-9F2F-F03BAE5AD150}"
EndProject
Project("{2150E333-8FDC-42A3-9474-1A3956D46DE8}") = "Solution Items", "Solution Items", "{EB264D0B-8EDD-49B2-8F71-A94ADD508257}"
	ProjectSection(SolutionItems) = preProject
		.editorconfig = .editorconfig
	EndProjectSection
EndProject
Project("{9A19103F-16F7-4668-BE54-9A1E7A4F7556}") = "Ninu.TraceLogParser", "Ninu.TraceLogParser\Ninu.TraceLogParser.csproj", "{AC0D089C-A88E-4783-A627-8CC780035593}"
EndProject
Project("{9A19103F-16F7-4668-BE54-9A1E7A4F7556}") = "Ninu.Visual6502", "Ninu.Visual6502\Ninu.Visual6502.csproj", "{A179BD28-A909-4B72-AE7E-B61C544D4A8D}"
EndProject
Project("{9A19103F-16F7-4668-BE54-9A1E7A4F7556}") = "Ninu.Visual6502.Tests", "Ninu.Visual6502.Tests\Ninu.Visual6502.Tests.csproj", "{DE0BEA22-5BCF-4FAB-8882-83C311A2F3F1}"
EndProject
Project("{9A19103F-16F7-4668-BE54-9A1E7A4F7556}") = "Ninu.Visual6502.Benchmark", "Ninu.Visual6502.Benchmark\Ninu.Visual6502.Benchmark.csproj", "{E0A887D2-164C-4A90-B61D-FD670D7216AC}"
EndProject
Project("{FAE04EC0-301F-11D3-BF4B-00C04F79EFBC}") = "Ninu.Emulator.Tests", "Ninu.Emulator.Tests\Ninu.Emulator.Tests.csproj", "{CD03FA69-51EA-453A-B86D-76100E6323B3}"
EndProject
Global
	GlobalSection(SolutionConfigurationPlatforms) = preSolution
		Debug|Any CPU = Debug|Any CPU
		Release|Any CPU = Release|Any CPU
	EndGlobalSection
	GlobalSection(ProjectConfigurationPlatforms) = postSolution
		{E8C997CF-4F81-4681-85F0-4A684C9DC2A3}.Debug|Any CPU.ActiveCfg = Debug|Any CPU
		{E8C997CF-4F81-4681-85F0-4A684C9DC2A3}.Debug|Any CPU.Build.0 = Debug|Any CPU
		{E8C997CF-4F81-4681-85F0-4A684C9DC2A3}.Release|Any CPU.ActiveCfg = Release|Any CPU
		{E8C997CF-4F81-4681-85F0-4A684C9DC2A3}.Release|Any CPU.Build.0 = Release|Any CPU
		{2DF42472-EAEB-4408-AA7F-97A76E471DB7}.Debug|Any CPU.ActiveCfg = Debug|Any CPU
		{2DF42472-EAEB-4408-AA7F-97A76E471DB7}.Debug|Any CPU.Build.0 = Debug|Any CPU
		{2DF42472-EAEB-4408-AA7F-97A76E471DB7}.Release|Any CPU.ActiveCfg = Release|Any CPU
		{2DF42472-EAEB-4408-AA7F-97A76E471DB7}.Release|Any CPU.Build.0 = Release|Any CPU
		{4DC437A0-B78A-4101-9F2F-F03BAE5AD150}.Debug|Any CPU.ActiveCfg = Debug|Any CPU
		{4DC437A0-B78A-4101-9F2F-F03BAE5AD150}.Debug|Any CPU.Build.0 = Debug|Any CPU
		{4DC437A0-B78A-4101-9F2F-F03BAE5AD150}.Release|Any CPU.ActiveCfg = Release|Any CPU
		{4DC437A0-B78A-4101-9F2F-F03BAE5AD150}.Release|Any CPU.Build.0 = Release|Any CPU
		{AC0D089C-A88E-4783-A627-8CC780035593}.Debug|Any CPU.ActiveCfg = Debug|Any CPU
		{AC0D089C-A88E-4783-A627-8CC780035593}.Debug|Any CPU.Build.0 = Debug|Any CPU
		{AC0D089C-A88E-4783-A627-8CC780035593}.Release|Any CPU.ActiveCfg = Release|Any CPU
		{AC0D089C-A88E-4783-A627-8CC780035593}.Release|Any CPU.Build.0 = Release|Any CPU
		{A179BD28-A909-4B72-AE7E-B61C544D4A8D}.Debug|Any CPU.ActiveCfg = Debug|Any CPU
		{A179BD28-A909-4B72-AE7E-B61C544D4A8D}.Debug|Any CPU.Build.0 = Debug|Any CPU
		{A179BD28-A909-4B72-AE7E-B61C544D4A8D}.Release|Any CPU.ActiveCfg = Release|Any CPU
		{A179BD28-A909-4B72-AE7E-B61C544D4A8D}.Release|Any CPU.Build.0 = Release|Any CPU
		{DE0BEA22-5BCF-4FAB-8882-83C311A2F3F1}.Debug|Any CPU.ActiveCfg = Debug|Any CPU
		{DE0BEA22-5BCF-4FAB-8882-83C311A2F3F1}.Debug|Any CPU.Build.0 = Debug|Any CPU
		{DE0BEA22-5BCF-4FAB-8882-83C311A2F3F1}.Release|Any CPU.ActiveCfg = Release|Any CPU
		{DE0BEA22-5BCF-4FAB-8882-83C311A2F3F1}.Release|Any CPU.Build.0 = Release|Any CPU
		{E0A887D2-164C-4A90-B61D-FD670D7216AC}.Debug|Any CPU.ActiveCfg = Debug|Any CPU
		{E0A887D2-164C-4A90-B61D-FD670D7216AC}.Debug|Any CPU.Build.0 = Debug|Any CPU
		{E0A887D2-164C-4A90-B61D-FD670D7216AC}.Release|Any CPU.ActiveCfg = Release|Any CPU
		{E0A887D2-164C-4A90-B61D-FD670D7216AC}.Release|Any CPU.Build.0 = Release|Any CPU
		{CD03FA69-51EA-453A-B86D-76100E6323B3}.Debug|Any CPU.ActiveCfg = Debug|Any CPU
		{CD03FA69-51EA-453A-B86D-76100E6323B3}.Debug|Any CPU.Build.0 = Debug|Any CPU
		{CD03FA69-51EA-453A-B86D-76100E6323B3}.Release|Any CPU.ActiveCfg = Release|Any CPU
		{CD03FA69-51EA-453A-B86D-76100E6323B3}.Release|Any CPU.Build.0 = Release|Any CPU
	EndGlobalSection
	GlobalSection(SolutionProperties) = preSolution
		HideSolutionNode = FALSE
	EndGlobalSection
	GlobalSection(ExtensibilityGlobals) = postSolution
		SolutionGuid = {CB1011F1-0BA2-4ABE-8E4A-B52BE372D952}
	EndGlobalSection
EndGlobal
